{
  "name": "nlp-escape",
  "version": "1.0.0",
  "lockfileVersion": 1,
  "requires": true,
  "dependencies": {
    "@vierofernando/decancer-android-arm64": {
      "version": "1.2.3",
      "resolved": "https://registry.npmjs.org/@vierofernando/decancer-android-arm64/-/decancer-android-arm64-1.2.3.tgz",
      "integrity": "sha512-qpEvGPP6UZLRE7wa5rLM7BFy1itJiR3iD96PTZUhyPmCHR+tMJg+iwdUMNok7Z9XuL6bF4YD+WMbkiHAqFphBg==",
      "dev": true,
      "optional": true
    },
    "@vierofernando/decancer-darwin-arm64": {
      "version": "1.2.3",
      "resolved": "https://registry.npmjs.org/@vierofernando/decancer-darwin-arm64/-/decancer-darwin-arm64-1.2.3.tgz",
      "integrity": "sha512-G7E7m/fcpXUXlW92Mmjv5JpsYFtGAfvMaw2eTDPmnjkw9Iw8k44j0Fny3tL55f9XewJHTWbnPiP4XnKLSTr6Aw==",
      "dev": true,
      "optional": true
    },
    "@vierofernando/decancer-darwin-x64": {
      "version": "1.2.3",
      "resolved": "https://registry.npmjs.org/@vierofernando/decancer-darwin-x64/-/decancer-darwin-x64-1.2.3.tgz",
      "integrity": "sha512-uE/xe9nfegIyOgY+LQEB97kDgSW9bscaPP2yeOn31mX0/0gIscml+gUvuSu+Fih+PuWE8fDMbYknseIWnJBjcw==",
      "dev": true,
      "optional": true
    },
    "@vierofernando/decancer-linux-arm-gnueabihf": {
      "version": "1.2.3",
      "resolved": "https://registry.npmjs.org/@vierofernando/decancer-linux-arm-gnueabihf/-/decancer-linux-arm-gnueabihf-1.2.3.tgz",
      "integrity": "sha512-iNE5y2RsGvigKfNhiowPAsq82+CXXr7slqOpw9/kKZnDU/9riWJGHOpQ6/uZcxrCQ0ztq098NJGkFDwhbIgnKg==",
      "dev": true,
      "optional": true
    },
    "@vierofernando/decancer-linux-arm64-gnu": {
      "version": "1.2.3",
      "resolved": "https://registry.npmjs.org/@vierofernando/decancer-linux-arm64-gnu/-/decancer-linux-arm64-gnu-1.2.3.tgz",
      "integrity": "sha512-ExxiQ77o/DouXayymCE9nWRRp0tstImbrwXruvcogFQJxVbZjHuKZ3Lc1yyArjnxvUmH27fS8XED/Tw5+NbFDQ==",
      "dev": true,
      "optional": true
    },
    "@vierofernando/decancer-linux-arm64-musl": {
      "version": "1.2.3",
      "resolved": "https://registry.npmjs.org/@vierofernando/decancer-linux-arm64-musl/-/decancer-linux-arm64-musl-1.2.3.tgz",
      "integrity": "sha512-RFQos7M97hSMVinN1IIN5XzVf2xN6T8AUtLjpvJ7bs+iyS0wOvJd8noj7MPjQhjP5odYymk7RzycQtbesol4dw==",
      "dev": true,
      "optional": true
    },
    "@vierofernando/decancer-linux-x64-gnu": {
      "version": "1.2.3",
      "resolved": "https://registry.npmjs.org/@vierofernando/decancer-linux-x64-gnu/-/decancer-linux-x64-gnu-1.2.3.tgz",
      "integrity": "sha512-5xe6exH/302HrQR/kN9lyqXQ14t6KRGuE5SXHE44nVqYMNWsfF47TKEmtBugGSbsA3sQWWVR0fwj/JPx1aCelQ==",
      "dev": true,
      "optional": true
    },
    "@vierofernando/decancer-linux-x64-musl": {
      "version": "1.2.3",
      "resolved": "https://registry.npmjs.org/@vierofernando/decancer-linux-x64-musl/-/decancer-linux-x64-musl-1.2.3.tgz",
      "integrity": "sha512-HedCeCeeJUrt4r7wWk/dWlmPhemoGtZIK2TrFyfnSOlQnVOx8lDDuKZ5DNBnfiEe5gevW7lIWlmn+5ScMCO0kg==",
      "dev": true,
      "optional": true
    },
    "@vierofernando/decancer-win32-arm64-msvc": {
      "version": "1.2.3",
      "resolved": "https://registry.npmjs.org/@vierofernando/decancer-win32-arm64-msvc/-/decancer-win32-arm64-msvc-1.2.3.tgz",
      "integrity": "sha512-nNB8/t46DKbwobXJauxqnaT6KMcOlOLS5/cjDOKzriJjRkr52MejXS++/5Kv+Bz5E1zI0QsRdELkFZpn3qUd3Q==",
      "dev": true,
      "optional": true
    },
    "@vierofernando/decancer-win32-ia32-msvc": {
      "version": "1.2.3",
      "resolved": "https://registry.npmjs.org/@vierofernando/decancer-win32-ia32-msvc/-/decancer-win32-ia32-msvc-1.2.3.tgz",
      "integrity": "sha512-AYbNt4KLXpA9PEGfM33a9BkrT82GSiV9sVijOCDXHjONtR59HjAebf5e88h/8sud+K+VdSWNEoLu4MXX2MfFQg==",
      "dev": true,
      "optional": true
    },
    "@vierofernando/decancer-win32-x64-msvc": {
      "version": "1.2.3",
      "resolved": "https://registry.npmjs.org/@vierofernando/decancer-win32-x64-msvc/-/decancer-win32-x64-msvc-1.2.3.tgz",
      "integrity": "sha512-wB7yk4SHASBl7VqwEvMKt/cDgDmWtRRT8HawOckxXN0efw74cjfJv+CHPWlAHOyK3fvHWpG9SIlEosChqz3NUg==",
      "dev": true,
      "optional": true
    },
    "decancer": {
      "version": "1.2.3",
      "resolved": "https://registry.npmjs.org/decancer/-/decancer-1.2.3.tgz",
      "integrity": "sha512-4nCXovIU/Ov+KyZ5vXmNxlRYvW0lqdXHSxhVB1UgsE3369qYzMmo3ADyFESGNGg22LVG7TMUMfsqQA+kp6nyPA==",
      "dev": true,
      "requires": {
        "@vierofernando/decancer-android-arm64": "1.2.3",
        "@vierofernando/decancer-darwin-arm64": "1.2.3",
        "@vierofernando/decancer-darwin-x64": "1.2.3",
        "@vierofernando/decancer-linux-arm-gnueabihf": "1.2.3",
        "@vierofernando/decancer-linux-arm64-gnu": "1.2.3",
        "@vierofernando/decancer-linux-arm64-musl": "1.2.3",
        "@vierofernando/decancer-linux-x64-gnu": "1.2.3",
        "@vierofernando/decancer-linux-x64-musl": "1.2.3",
        "@vierofernando/decancer-win32-arm64-msvc": "1.2.3",
        "@vierofernando/decancer-win32-ia32-msvc": "1.2.3",
        "@vierofernando/decancer-win32-x64-msvc": "1.2.3"
      }
    }
  }
}
